// !$*UTF8*$!
{
	archiveVersion = 1;
	classes = {
	};
	objectVersion = 56;
	objects = {

/* Begin PBXBuildFile section */
		391938492CAD8E6100A4D06A /* Constants.swift in Sources */ = {isa = PBXBuildFile; fileRef = 391938482CAD8E6100A4D06A /* Constants.swift */; };
		393ECB5F2CA85B7200C533EE /* AppDelegate.swift in Sources */ = {isa = PBXBuildFile; fileRef = 393ECB5E2CA85B7200C533EE /* AppDelegate.swift */; };
		393ECB612CA85B7200C533EE /* SceneDelegate.swift in Sources */ = {isa = PBXBuildFile; fileRef = 393ECB602CA85B7200C533EE /* SceneDelegate.swift */; };
		393ECB632CA85B7200C533EE /* HomeViewController.swift in Sources */ = {isa = PBXBuildFile; fileRef = 393ECB622CA85B7200C533EE /* HomeViewController.swift */; };
		393ECB682CA85B7300C533EE /* Assets.xcassets in Resources */ = {isa = PBXBuildFile; fileRef = 393ECB672CA85B7300C533EE /* Assets.xcassets */; };
		393ECB6B2CA85B7300C533EE /* LaunchScreen.storyboard in Resources */ = {isa = PBXBuildFile; fileRef = 393ECB692CA85B7300C533EE /* LaunchScreen.storyboard */; };
		393ECB732CAAD02300C533EE /* NetworkingManager .swift in Sources */ = {isa = PBXBuildFile; fileRef = 393ECB722CAAD02300C533EE /* NetworkingManager .swift */; };
		393ECB752CAAD17400C533EE /* Model.swift in Sources */ = {isa = PBXBuildFile; fileRef = 393ECB742CAAD17400C533EE /* Model.swift */; };
		393ECB772CAAD28300C533EE /* ViewModel.swift in Sources */ = {isa = PBXBuildFile; fileRef = 393ECB762CAAD28300C533EE /* ViewModel.swift */; };
		393ECB792CAAD2B000C533EE /* NewsServices.swift in Sources */ = {isa = PBXBuildFile; fileRef = 393ECB782CAAD2B000C533EE /* NewsServices.swift */; };
		393ECB7B2CABDBB600C533EE /* HomeViewCell.swift in Sources */ = {isa = PBXBuildFile; fileRef = 393ECB7A2CABDBB600C533EE /* HomeViewCell.swift */; };
		393ECB7F2CABDEA200C533EE /* NewsDetailViewController.swift in Sources */ = {isa = PBXBuildFile; fileRef = 393ECB7E2CABDEA200C533EE /* NewsDetailViewController.swift */; };
		393ECB832CABF7EC00C533EE /* UIImageExtention.swift in Sources */ = {isa = PBXBuildFile; fileRef = 393ECB822CABF7EC00C533EE /* UIImageExtention.swift */; };
		393ECB8C2CAC044200C533EE /* ImageService.swift in Sources */ = {isa = PBXBuildFile; fileRef = 393ECB8B2CAC044200C533EE /* ImageService.swift */; };
		393ECB8E2CAC7E6F00C533EE /* ShadowView.swift in Sources */ = {isa = PBXBuildFile; fileRef = 393ECB8D2CAC7E6F00C533EE /* ShadowView.swift */; };
		39ACF6882CAD3A5C009F4159 /* NoInternetView.swift in Sources */ = {isa = PBXBuildFile; fileRef = 39ACF6872CAD3A5C009F4159 /* NoInternetView.swift */; };
		39ACF68A2CAD441C009F4159 /* StyledLable.swift in Sources */ = {isa = PBXBuildFile; fileRef = 39ACF6892CAD441C009F4159 /* StyledLable.swift */; };
/* End PBXBuildFile section */

/* Begin PBXFileReference section */
		391938482CAD8E6100A4D06A /* Constants.swift */ = {isa = PBXFileReference; lastKnownFileType = sourcecode.swift; path = Constants.swift; sourceTree = "<group>"; };
		393ECB5B2CA85B7200C533EE /* TestProject.app */ = {isa = PBXFileReference; explicitFileType = wrapper.application; includeInIndex = 0; path = TestProject.app; sourceTree = BUILT_PRODUCTS_DIR; };
		393ECB5E2CA85B7200C533EE /* AppDelegate.swift */ = {isa = PBXFileReference; lastKnownFileType = sourcecode.swift; path = AppDelegate.swift; sourceTree = "<group>"; };
		393ECB602CA85B7200C533EE /* SceneDelegate.swift */ = {isa = PBXFileReference; lastKnownFileType = sourcecode.swift; path = SceneDelegate.swift; sourceTree = "<group>"; };
		393ECB622CA85B7200C533EE /* HomeViewController.swift */ = {isa = PBXFileReference; lastKnownFileType = sourcecode.swift; path = HomeViewController.swift; sourceTree = "<group>"; };
		393ECB672CA85B7300C533EE /* Assets.xcassets */ = {isa = PBXFileReference; lastKnownFileType = folder.assetcatalog; path = Assets.xcassets; sourceTree = "<group>"; };
		393ECB6A2CA85B7300C533EE /* Base */ = {isa = PBXFileReference; lastKnownFileType = file.storyboard; name = Base; path = Base.lproj/LaunchScreen.storyboard; sourceTree = "<group>"; };
		393ECB6C2CA85B7300C533EE /* Info.plist */ = {isa = PBXFileReference; lastKnownFileType = text.plist.xml; path = Info.plist; sourceTree = "<group>"; };
		393ECB722CAAD02300C533EE /* NetworkingManager .swift */ = {isa = PBXFileReference; lastKnownFileType = sourcecode.swift; path = "NetworkingManager .swift"; sourceTree = "<group>"; };
		393ECB742CAAD17400C533EE /* Model.swift */ = {isa = PBXFileReference; lastKnownFileType = sourcecode.swift; path = Model.swift; sourceTree = "<group>"; };
		393ECB762CAAD28300C533EE /* ViewModel.swift */ = {isa = PBXFileReference; lastKnownFileType = sourcecode.swift; path = ViewModel.swift; sourceTree = "<group>"; };
		393ECB782CAAD2B000C533EE /* NewsServices.swift */ = {isa = PBXFileReference; lastKnownFileType = sourcecode.swift; path = NewsServices.swift; sourceTree = "<group>"; };
		393ECB7A2CABDBB600C533EE /* HomeViewCell.swift */ = {isa = PBXFileReference; lastKnownFileType = sourcecode.swift; path = HomeViewCell.swift; sourceTree = "<group>"; };
		393ECB7E2CABDEA200C533EE /* NewsDetailViewController.swift */ = {isa = PBXFileReference; lastKnownFileType = sourcecode.swift; path = NewsDetailViewController.swift; sourceTree = "<group>"; };
		393ECB822CABF7EC00C533EE /* UIImageExtention.swift */ = {isa = PBXFileReference; lastKnownFileType = sourcecode.swift; path = UIImageExtention.swift; sourceTree = "<group>"; };
		393ECB8B2CAC044200C533EE /* ImageService.swift */ = {isa = PBXFileReference; lastKnownFileType = sourcecode.swift; path = ImageService.swift; sourceTree = "<group>"; };
		393ECB8D2CAC7E6F00C533EE /* ShadowView.swift */ = {isa = PBXFileReference; lastKnownFileType = sourcecode.swift; path = ShadowView.swift; sourceTree = "<group>"; };
		39ACF6872CAD3A5C009F4159 /* NoInternetView.swift */ = {isa = PBXFileReference; lastKnownFileType = sourcecode.swift; path = NoInternetView.swift; sourceTree = "<group>"; };
		39ACF6892CAD441C009F4159 /* StyledLable.swift */ = {isa = PBXFileReference; lastKnownFileType = sourcecode.swift; path = StyledLable.swift; sourceTree = "<group>"; };
/* End PBXFileReference section */

/* Begin PBXFrameworksBuildPhase section */
		393ECB582CA85B7200C533EE /* Frameworks */ = {
			isa = PBXFrameworksBuildPhase;
			buildActionMask = 2147483647;
			files = (
			);
			runOnlyForDeploymentPostprocessing = 0;
		};
/* End PBXFrameworksBuildPhase section */

/* Begin PBXGroup section */
		392C940C2CAD9947000714B6 /* Cell */ = {
			isa = PBXGroup;
			children = (
				393ECB7A2CABDBB600C533EE /* HomeViewCell.swift */,
				393ECB8D2CAC7E6F00C533EE /* ShadowView.swift */,
			);
			path = Cell;
			sourceTree = "<group>";
		};
		392C940D2CAD9960000714B6 /* NoInternetView */ = {
			isa = PBXGroup;
			children = (
				39ACF6872CAD3A5C009F4159 /* NoInternetView.swift */,
			);
			path = NoInternetView;
			sourceTree = "<group>";
		};
		392C940E2CAD9976000714B6 /* Resurs */ = {
			isa = PBXGroup;
			children = (
				393ECB6C2CA85B7300C533EE /* Info.plist */,
				393ECB692CA85B7300C533EE /* LaunchScreen.storyboard */,
				393ECB672CA85B7300C533EE /* Assets.xcassets */,
			);
			path = Resurs;
			sourceTree = "<group>";
		};
		392C940F2CAD9994000714B6 /* Network */ = {
			isa = PBXGroup;
			children = (
				393ECB722CAAD02300C533EE /* NetworkingManager .swift */,
			);
			path = Network;
			sourceTree = "<group>";
		};
		392C94102CAD99CB000714B6 /* Assistants */ = {
			isa = PBXGroup;
			children = (
				39ACF6892CAD441C009F4159 /* StyledLable.swift */,
				391938482CAD8E6100A4D06A /* Constants.swift */,
				393ECB822CABF7EC00C533EE /* UIImageExtention.swift */,
			);
			path = Assistants;
			sourceTree = "<group>";
		};
		393ECB522CA85B7200C533EE = {
			isa = PBXGroup;
			children = (
				393ECB5D2CA85B7200C533EE /* TestProject */,
				393ECB5C2CA85B7200C533EE /* Products */,
			);
			sourceTree = "<group>";
		};
		393ECB5C2CA85B7200C533EE /* Products */ = {
			isa = PBXGroup;
			children = (
				393ECB5B2CA85B7200C533EE /* TestProject.app */,
			);
			name = Products;
			sourceTree = "<group>";
		};
		393ECB5D2CA85B7200C533EE /* TestProject */ = {
			isa = PBXGroup;
			children = (
				393ECB5E2CA85B7200C533EE /* AppDelegate.swift */,
				393ECB602CA85B7200C533EE /* SceneDelegate.swift */,
				392C94102CAD99CB000714B6 /* Assistants */,
				392C940F2CAD9994000714B6 /* Network */,
				393ECB8A2CAC042D00C533EE /* Services */,
				393ECB7D2CABDE2700C533EE /* Model */,
				393ECB862CAC03AE00C533EE /* View */,
				393ECB892CAC03E500C533EE /* ViewModel */,
				392C940E2CAD9976000714B6 /* Resurs */,
			);
			path = TestProject;
			sourceTree = "<group>";
		};
		393ECB7C2CABDDED00C533EE /* Home */ = {
			isa = PBXGroup;
			children = (
				393ECB622CA85B7200C533EE /* HomeViewController.swift */,
				392C940C2CAD9947000714B6 /* Cell */,
			);
			path = Home;
			sourceTree = "<group>";
		};
		393ECB7D2CABDE2700C533EE /* Model */ = {
			isa = PBXGroup;
			children = (
				393ECB742CAAD17400C533EE /* Model.swift */,
			);
			path = Model;
			sourceTree = "<group>";
		};
		393ECB862CAC03AE00C533EE /* View */ = {
			isa = PBXGroup;
			children = (
				393ECB7C2CABDDED00C533EE /* Home */,
				393ECB872CAC03CE00C533EE /* Detail */,
				392C940D2CAD9960000714B6 /* NoInternetView */,
			);
			path = View;
			sourceTree = "<group>";
		};
		393ECB872CAC03CE00C533EE /* Detail */ = {
			isa = PBXGroup;
			children = (
				393ECB7E2CABDEA200C533EE /* NewsDetailViewController.swift */,
			);
			path = Detail;
			sourceTree = "<group>";
		};
		393ECB892CAC03E500C533EE /* ViewModel */ = {
			isa = PBXGroup;
			children = (
				393ECB762CAAD28300C533EE /* ViewModel.swift */,
			);
			path = ViewModel;
			sourceTree = "<group>";
		};
		393ECB8A2CAC042D00C533EE /* Services */ = {
			isa = PBXGroup;
			children = (
				393ECB782CAAD2B000C533EE /* NewsServices.swift */,
				393ECB8B2CAC044200C533EE /* ImageService.swift */,
			);
			path = Services;
			sourceTree = "<group>";
		};
/* End PBXGroup section */

/* Begin PBXNativeTarget section */
		393ECB5A2CA85B7200C533EE /* TestProject */ = {
			isa = PBXNativeTarget;
			buildConfigurationList = 393ECB6F2CA85B7300C533EE /* Build configuration list for PBXNativeTarget "TestProject" */;
			buildPhases = (
				393ECB572CA85B7200C533EE /* Sources */,
				393ECB582CA85B7200C533EE /* Frameworks */,
				393ECB592CA85B7200C533EE /* Resources */,
			);
			buildRules = (
			);
			dependencies = (
			);
			name = TestProject;
			productName = TestProject;
			productReference = 393ECB5B2CA85B7200C533EE /* TestProject.app */;
			productType = "com.apple.product-type.application";
		};
/* End PBXNativeTarget section */

/* Begin PBXProject section */
		393ECB532CA85B7200C533EE /* Project object */ = {
			isa = PBXProject;
			attributes = {
				BuildIndependentTargetsInParallel = 1;
				LastSwiftUpdateCheck = 1520;
				LastUpgradeCheck = 1520;
				TargetAttributes = {
					393ECB5A2CA85B7200C533EE = {
						CreatedOnToolsVersion = 15.2;
					};
				};
			};
			buildConfigurationList = 393ECB562CA85B7200C533EE /* Build configuration list for PBXProject "TestProject" */;
			compatibilityVersion = "Xcode 14.0";
			developmentRegion = en;
			hasScannedForEncodings = 0;
			knownRegions = (
				en,
				Base,
			);
			mainGroup = 393ECB522CA85B7200C533EE;
			productRefGroup = 393ECB5C2CA85B7200C533EE /* Products */;
			projectDirPath = "";
			projectRoot = "";
			targets = (
				393ECB5A2CA85B7200C533EE /* TestProject */,
			);
		};
/* End PBXProject section */

/* Begin PBXResourcesBuildPhase section */
		393ECB592CA85B7200C533EE /* Resources */ = {
			isa = PBXResourcesBuildPhase;
			buildActionMask = 2147483647;
			files = (
				393ECB6B2CA85B7300C533EE /* LaunchScreen.storyboard in Resources */,
				393ECB682CA85B7300C533EE /* Assets.xcassets in Resources */,
			);
			runOnlyForDeploymentPostprocessing = 0;
		};
/* End PBXResourcesBuildPhase section */

/* Begin PBXSourcesBuildPhase section */
		393ECB572CA85B7200C533EE /* Sources */ = {
			isa = PBXSourcesBuildPhase;
			buildActionMask = 2147483647;
			files = (
				39ACF68A2CAD441C009F4159 /* StyledLable.swift in Sources */,
				393ECB752CAAD17400C533EE /* Model.swift in Sources */,
				393ECB7B2CABDBB600C533EE /* HomeViewCell.swift in Sources */,
				393ECB632CA85B7200C533EE /* HomeViewController.swift in Sources */,
				393ECB5F2CA85B7200C533EE /* AppDelegate.swift in Sources */,
				391938492CAD8E6100A4D06A /* Constants.swift in Sources */,
				393ECB832CABF7EC00C533EE /* UIImageExtention.swift in Sources */,
				393ECB792CAAD2B000C533EE /* NewsServices.swift in Sources */,
				39ACF6882CAD3A5C009F4159 /* NoInternetView.swift in Sources */,
				393ECB732CAAD02300C533EE /* NetworkingManager .swift in Sources */,
				393ECB7F2CABDEA200C533EE /* NewsDetailViewController.swift in Sources */,
				393ECB8C2CAC044200C533EE /* ImageService.swift in Sources */,
				393ECB8E2CAC7E6F00C533EE /* ShadowView.swift in Sources */,
				393ECB772CAAD28300C533EE /* ViewModel.swift in Sources */,
				393ECB612CA85B7200C533EE /* SceneDelegate.swift in Sources */,
			);
			runOnlyForDeploymentPostprocessing = 0;
		};
/* End PBXSourcesBuildPhase section */

/* Begin PBXVariantGroup section */
		393ECB692CA85B7300C533EE /* LaunchScreen.storyboard */ = {
			isa = PBXVariantGroup;
			children = (
				393ECB6A2CA85B7300C533EE /* Base */,
			);
			name = LaunchScreen.storyboard;
			sourceTree = "<group>";
		};
/* End PBXVariantGroup section */

/* Begin XCBuildConfiguration section */
		393ECB6D2CA85B7300C533EE /* Debug */ = {
			isa = XCBuildConfiguration;
			buildSettings = {
				ALWAYS_SEARCH_USER_PATHS = NO;
				ASSETCATALOG_COMPILER_GENERATE_SWIFT_ASSET_SYMBOL_EXTENSIONS = YES;
				CLANG_ANALYZER_NONNULL = YES;
				CLANG_ANALYZER_NUMBER_OBJECT_CONVERSION = YES_AGGRESSIVE;
				CLANG_CXX_LANGUAGE_STANDARD = "gnu++20";
				CLANG_ENABLE_MODULES = YES;
				CLANG_ENABLE_OBJC_ARC = YES;
				CLANG_ENABLE_OBJC_WEAK = YES;
				CLANG_WARN_BLOCK_CAPTURE_AUTORELEASING = YES;
				CLANG_WARN_BOOL_CONVERSION = YES;
				CLANG_WARN_COMMA = YES;
				CLANG_WARN_CONSTANT_CONVERSION = YES;
				CLANG_WARN_DEPRECATED_OBJC_IMPLEMENTATIONS = YES;
				CLANG_WARN_DIRECT_OBJC_ISA_USAGE = YES_ERROR;
				CLANG_WARN_DOCUMENTATION_COMMENTS = YES;
				CLANG_WARN_EMPTY_BODY = YES;
				CLANG_WARN_ENUM_CONVERSION = YES;
				CLANG_WARN_INFINITE_RECURSION = YES;
				CLANG_WARN_INT_CONVERSION = YES;
				CLANG_WARN_NON_LITERAL_NULL_CONVERSION = YES;
				CLANG_WARN_OBJC_IMPLICIT_RETAIN_SELF = YES;
				CLANG_WARN_OBJC_LITERAL_CONVERSION = YES;
				CLANG_WARN_OBJC_ROOT_CLASS = YES_ERROR;
				CLANG_WARN_QUOTED_INCLUDE_IN_FRAMEWORK_HEADER = YES;
				CLANG_WARN_RANGE_LOOP_ANALYSIS = YES;
				CLANG_WARN_STRICT_PROTOTYPES = YES;
				CLANG_WARN_SUSPICIOUS_MOVE = YES;
				CLANG_WARN_UNGUARDED_AVAILABILITY = YES_AGGRESSIVE;
				CLANG_WARN_UNREACHABLE_CODE = YES;
				CLANG_WARN__DUPLICATE_METHOD_MATCH = YES;
				COPY_PHASE_STRIP = NO;
				DEBUG_INFORMATION_FORMAT = dwarf;
				ENABLE_STRICT_OBJC_MSGSEND = YES;
				ENABLE_TESTABILITY = YES;
				ENABLE_USER_SCRIPT_SANDBOXING = YES;
				GCC_C_LANGUAGE_STANDARD = gnu17;
				GCC_DYNAMIC_NO_PIC = NO;
				GCC_NO_COMMON_BLOCKS = YES;
				GCC_OPTIMIZATION_LEVEL = 0;
				GCC_PREPROCESSOR_DEFINITIONS = (
					"DEBUG=1",
					"$(inherited)",
				);
				GCC_WARN_64_TO_32_BIT_CONVERSION = YES;
				GCC_WARN_ABOUT_RETURN_TYPE = YES_ERROR;
				GCC_WARN_UNDECLARED_SELECTOR = YES;
				GCC_WARN_UNINITIALIZED_AUTOS = YES_AGGRESSIVE;
				GCC_WARN_UNUSED_FUNCTION = YES;
				GCC_WARN_UNUSED_VARIABLE = YES;
				IPHONEOS_DEPLOYMENT_TARGET = 17.2;
				LOCALIZATION_PREFERS_STRING_CATALOGS = YES;
				MTL_ENABLE_DEBUG_INFO = INCLUDE_SOURCE;
				MTL_FAST_MATH = YES;
				ONLY_ACTIVE_ARCH = YES;
				SDKROOT = iphoneos;
				SWIFT_ACTIVE_COMPILATION_CONDITIONS = "DEBUG $(inherited)";
				SWIFT_OPTIMIZATION_LEVEL = "-Onone";
			};
			name = Debug;
		};
		393ECB6E2CA85B7300C533EE /* Release */ = {
			isa = XCBuildConfiguration;
			buildSettings = {
				ALWAYS_SEARCH_USER_PATHS = NO;
				ASSETCATALOG_COMPILER_GENERATE_SWIFT_ASSET_SYMBOL_EXTENSIONS = YES;
				CLANG_ANALYZER_NONNULL = YES;
				CLANG_ANALYZER_NUMBER_OBJECT_CONVERSION = YES_AGGRESSIVE;
				CLANG_CXX_LANGUAGE_STANDARD = "gnu++20";
				CLANG_ENABLE_MODULES = YES;
				CLANG_ENABLE_OBJC_ARC = YES;
				CLANG_ENABLE_OBJC_WEAK = YES;
				CLANG_WARN_BLOCK_CAPTURE_AUTORELEASING = YES;
				CLANG_WARN_BOOL_CONVERSION = YES;
				CLANG_WARN_COMMA = YES;
				CLANG_WARN_CONSTANT_CONVERSION = YES;
				CLANG_WARN_DEPRECATED_OBJC_IMPLEMENTATIONS = YES;
				CLANG_WARN_DIRECT_OBJC_ISA_USAGE = YES_ERROR;
				CLANG_WARN_DOCUMENTATION_COMMENTS = YES;
				CLANG_WARN_EMPTY_BODY = YES;
				CLANG_WARN_ENUM_CONVERSION = YES;
				CLANG_WARN_INFINITE_RECURSION = YES;
				CLANG_WARN_INT_CONVERSION = YES;
				CLANG_WARN_NON_LITERAL_NULL_CONVERSION = YES;
				CLANG_WARN_OBJC_IMPLICIT_RETAIN_SELF = YES;
				CLANG_WARN_OBJC_LITERAL_CONVERSION = YES;
				CLANG_WARN_OBJC_ROOT_CLASS = YES_ERROR;
				CLANG_WARN_QUOTED_INCLUDE_IN_FRAMEWORK_HEADER = YES;
				CLANG_WARN_RANGE_LOOP_ANALYSIS = YES;
				CLANG_WARN_STRICT_PROTOTYPES = YES;
				CLANG_WARN_SUSPICIOUS_MOVE = YES;
				CLANG_WARN_UNGUARDED_AVAILABILITY = YES_AGGRESSIVE;
				CLANG_WARN_UNREACHABLE_CODE = YES;
				CLANG_WARN__DUPLICATE_METHOD_MATCH = YES;
				COPY_PHASE_STRIP = NO;
				DEBUG_INFORMATION_FORMAT = "dwarf-with-dsym";
				ENABLE_NS_ASSERTIONS = NO;
				ENABLE_STRICT_OBJC_MSGSEND = YES;
				ENABLE_USER_SCRIPT_SANDBOXING = YES;
				GCC_C_LANGUAGE_STANDARD = gnu17;
				GCC_NO_COMMON_BLOCKS = YES;
				GCC_WARN_64_TO_32_BIT_CONVERSION = YES;
				GCC_WARN_ABOUT_RETURN_TYPE = YES_ERROR;
				GCC_WARN_UNDECLARED_SELECTOR = YES;
				GCC_WARN_UNINITIALIZED_AUTOS = YES_AGGRESSIVE;
				GCC_WARN_UNUSED_FUNCTION = YES;
				GCC_WARN_UNUSED_VARIABLE = YES;
				IPHONEOS_DEPLOYMENT_TARGET = 17.2;
				LOCALIZATION_PREFERS_STRING_CATALOGS = YES;
				MTL_ENABLE_DEBUG_INFO = NO;
				MTL_FAST_MATH = YES;
				SDKROOT = iphoneos;
				SWIFT_COMPILATION_MODE = wholemodule;
				VALIDATE_PRODUCT = YES;
			};
			name = Release;
		};
		393ECB702CA85B7300C533EE /* Debug */ = {
			isa = XCBuildConfiguration;
			buildSettings = {
				ASSETCATALOG_COMPILER_APPICON_NAME = AppIcon;
				ASSETCATALOG_COMPILER_GLOBAL_ACCENT_COLOR_NAME = AccentColor;
				CODE_SIGN_STYLE = Automatic;
				CURRENT_PROJECT_VERSION = 1;
				DEVELOPMENT_TEAM = N4837HH95X;
				GENERATE_INFOPLIST_FILE = YES;
				INFOPLIST_FILE = TestProject/Info.plist;
				INFOPLIST_KEY_UIApplicationSupportsIndirectInputEvents = YES;
				INFOPLIST_KEY_UILaunchStoryboardName = LaunchScreen;
				INFOPLIST_KEY_UISupportedInterfaceOrientations_iPad = "UIInterfaceOrientationPortrait UIInterfaceOrientationPortraitUpsideDown UIInterfaceOrientationLandscapeLeft UIInterfaceOrientationLandscapeRight";
				INFOPLIST_KEY_UISupportedInterfaceOrientations_iPhone = "UIInterfaceOrientationPortrait UIInterfaceOrientationLandscapeLeft UIInterfaceOrientationLandscapeRight";
				LD_RUNPATH_SEARCH_PATHS = (
					"$(inherited)",
					"@executable_path/Frameworks",
				);
				MARKETING_VERSION = 1.0;
				PRODUCT_BUNDLE_IDENTIFIER = Timur.TestProject;
				PRODUCT_NAME = "$(TARGET_NAME)";
				SWIFT_EMIT_LOC_STRINGS = YES;
				SWIFT_VERSION = 5.0;
				TARGETED_DEVICE_FAMILY = "1,2";
			};
			name = Debug;
		};
		393ECB712CA85B7300C533EE /* Release */ = {
			isa = XCBuildConfiguration;
			buildSettings = {
				ASSETCATALOG_COMPILER_APPICON_NAME = AppIcon;
				ASSETCATALOG_COMPILER_GLOBAL_ACCENT_COLOR_NAME = AccentColor;
				CODE_SIGN_STYLE = Automatic;
				CURRENT_PROJECT_VERSION = 1;
				DEVELOPMENT_TEAM = N4837HH95X;
				GENERATE_INFOPLIST_FILE = YES;
				INFOPLIST_FILE = TestProject/Info.plist;
				INFOPLIST_KEY_UIApplicationSupportsIndirectInputEvents = YES;
				INFOPLIST_KEY_UILaunchStoryboardName = LaunchScreen;
				INFOPLIST_KEY_UISupportedInterfaceOrientations_iPad = "UIInterfaceOrientationPortrait UIInterfaceOrientationPortraitUpsideDown UIInterfaceOrientationLandscapeLeft UIInterfaceOrientationLandscapeRight";
				INFOPLIST_KEY_UISupportedInterfaceOrientations_iPhone = "UIInterfaceOrientationPortrait UIInterfaceOrientationLandscapeLeft UIInterfaceOrientationLandscapeRight";
				LD_RUNPATH_SEARCH_PATHS = (
					"$(inherited)",
					"@executable_path/Frameworks",
				);
				MARKETING_VERSION = 1.0;
				PRODUCT_BUNDLE_IDENTIFIER = Timur.TestProject;
				PRODUCT_NAME = "$(TARGET_NAME)";
				SWIFT_EMIT_LOC_STRINGS = YES;
				SWIFT_VERSION = 5.0;
				TARGETED_DEVICE_FAMILY = "1,2";
			};
			name = Release;
		};
/* End XCBuildConfiguration section */

/* Begin XCConfigurationList section */
		393ECB562CA85B7200C533EE /* Build configuration list for PBXProject "TestProject" */ = {
			isa = XCConfigurationList;
			buildConfigurations = (
				393ECB6D2CA85B7300C533EE /* Debug */,
				393ECB6E2CA85B7300C533EE /* Release */,
			);
			defaultConfigurationIsVisible = 0;
			defaultConfigurationName = Release;
		};
		393ECB6F2CA85B7300C533EE /* Build configuration list for PBXNativeTarget "TestProject" */ = {
			isa = XCConfigurationList;
			buildConfigurations = (
				393ECB702CA85B7300C533EE /* Debug */,
				393ECB712CA85B7300C533EE /* Release */,
			);
			defaultConfigurationIsVisible = 0;
			defaultConfigurationName = Release;
		};
/* End XCConfigurationList section */
	};
	rootObject = 393ECB532CA85B7200C533EE /* Project object */;
}
